// !$*UTF8*$!
{
	archiveVersion = 1;
	classes = {
	};
	objectVersion = 50;
	objects = {

/* Begin PBXBuildFile section */
		4488E39591505E5257DB2838 /* libPods-RTOReader.a in Frameworks */ = {isa = PBXBuildFile; fileRef = 9FB240430C4306B4C593811D /* libPods-RTOReader.a */; };
		866817D7246AF36F00BA4E55 /* test.txt in Resources */ = {isa = PBXBuildFile; fileRef = 866817D6246AF36F00BA4E55 /* test.txt */; };
		867563FC24699AB200A6D4EB /* 站酷庆科黄油体.ttf in Resources */ = {isa = PBXBuildFile; fileRef = 867563FB24699AB200A6D4EB /* 站酷庆科黄油体.ttf */; };
		868C4753242ED2AC00C84B88 /* esUtil.c in Sources */ = {isa = PBXBuildFile; fileRef = 868C474A242ED2AC00C84B88 /* esUtil.c */; };
		868C4754242ED2AC00C84B88 /* FileWrapper.m in Sources */ = {isa = PBXBuildFile; fileRef = 868C474B242ED2AC00C84B88 /* FileWrapper.m */; };
		868C4755242ED2AC00C84B88 /* Trebuchet MS.ttf in Resources */ = {isa = PBXBuildFile; fileRef = 868C474D242ED2AC00C84B88 /* Trebuchet MS.ttf */; };
		86A4116C242B99DE00E9F637 /* AppDelegate.m in Sources */ = {isa = PBXBuildFile; fileRef = 86A4116B242B99DE00E9F637 /* AppDelegate.m */; };
		86A41172242B99DE00E9F637 /* ViewController.m in Sources */ = {isa = PBXBuildFile; fileRef = 86A41171242B99DE00E9F637 /* ViewController.m */; };
		86A41177242B99E000E9F637 /* Assets.xcassets in Resources */ = {isa = PBXBuildFile; fileRef = 86A41176242B99E000E9F637 /* Assets.xcassets */; };
		86A4117D242B99E000E9F637 /* main.m in Sources */ = {isa = PBXBuildFile; fileRef = 86A4117C242B99E000E9F637 /* main.m */; };
		86F1D4EB2460DD6C00ABBDEF /* hb-ot-shape-complex-hebrew.cc in Sources */ = {isa = PBXBuildFile; fileRef = 86F1D4AD2460DD6A00ABBDEF /* hb-ot-shape-complex-hebrew.cc */; };
		86F1D4EC2460DD6C00ABBDEF /* hb-ucd.cc in Sources */ = {isa = PBXBuildFile; fileRef = 86F1D4AE2460DD6A00ABBDEF /* hb-ucd.cc */; };
		86F1D4ED2460DD6C00ABBDEF /* hb-buffer.cc in Sources */ = {isa = PBXBuildFile; fileRef = 86F1D4AF2460DD6A00ABBDEF /* hb-buffer.cc */; };
		86F1D4EE2460DD6C00ABBDEF /* hb-blob.cc in Sources */ = {isa = PBXBuildFile; fileRef = 86F1D4B02460DD6A00ABBDEF /* hb-blob.cc */; };
		86F1D4EF2460DD6C00ABBDEF /* hb-ot-layout.cc in Sources */ = {isa = PBXBuildFile; fileRef = 86F1D4B12460DD6B00ABBDEF /* hb-ot-layout.cc */; };
		86F1D4F02460DD6C00ABBDEF /* hb-ot-shape-complex-hangul.cc in Sources */ = {isa = PBXBuildFile; fileRef = 86F1D4B22460DD6B00ABBDEF /* hb-ot-shape-complex-hangul.cc */; };
		86F1D4F12460DD6C00ABBDEF /* hb-subset.cc in Sources */ = {isa = PBXBuildFile; fileRef = 86F1D4B32460DD6B00ABBDEF /* hb-subset.cc */; };
		86F1D4F22460DD6C00ABBDEF /* hb-shape.cc in Sources */ = {isa = PBXBuildFile; fileRef = 86F1D4B42460DD6B00ABBDEF /* hb-shape.cc */; };
		86F1D4F32460DD6C00ABBDEF /* hb-ot-shape-complex-myanmar.cc in Sources */ = {isa = PBXBuildFile; fileRef = 86F1D4B52460DD6B00ABBDEF /* hb-ot-shape-complex-myanmar.cc */; };
		86F1D4F42460DD6C00ABBDEF /* hb-common.cc in Sources */ = {isa = PBXBuildFile; fileRef = 86F1D4B62460DD6B00ABBDEF /* hb-common.cc */; };
		86F1D4F52460DD6C00ABBDEF /* hb-ot-cff2-table.cc in Sources */ = {isa = PBXBuildFile; fileRef = 86F1D4B72460DD6B00ABBDEF /* hb-ot-cff2-table.cc */; };
		86F1D4F62460DD6C00ABBDEF /* hb-ot-map.cc in Sources */ = {isa = PBXBuildFile; fileRef = 86F1D4B82460DD6B00ABBDEF /* hb-ot-map.cc */; };
		86F1D4F72460DD6C00ABBDEF /* hb-ot-shape.cc in Sources */ = {isa = PBXBuildFile; fileRef = 86F1D4B92460DD6B00ABBDEF /* hb-ot-shape.cc */; };
		86F1D4F82460DD6C00ABBDEF /* hb-gdi.cc in Sources */ = {isa = PBXBuildFile; fileRef = 86F1D4BA2460DD6B00ABBDEF /* hb-gdi.cc */; };
		86F1D4F92460DD6C00ABBDEF /* hb-ot-var.cc in Sources */ = {isa = PBXBuildFile; fileRef = 86F1D4BB2460DD6B00ABBDEF /* hb-ot-var.cc */; };
		86F1D4FA2460DD6C00ABBDEF /* hb-ot-shape-complex-indic-table.cc in Sources */ = {isa = PBXBuildFile; fileRef = 86F1D4BC2460DD6B00ABBDEF /* hb-ot-shape-complex-indic-table.cc */; };
		86F1D4FB2460DD6C00ABBDEF /* hb-ot-shape-fallback.cc in Sources */ = {isa = PBXBuildFile; fileRef = 86F1D4BD2460DD6B00ABBDEF /* hb-ot-shape-fallback.cc */; };
		86F1D4FC2460DD6C00ABBDEF /* hb-map.cc in Sources */ = {isa = PBXBuildFile; fileRef = 86F1D4BE2460DD6B00ABBDEF /* hb-map.cc */; };
		86F1D4FD2460DD6C00ABBDEF /* hb-ot-cff1-table.cc in Sources */ = {isa = PBXBuildFile; fileRef = 86F1D4BF2460DD6B00ABBDEF /* hb-ot-cff1-table.cc */; };
		86F1D4FF2460DD6C00ABBDEF /* hb-ot-name.cc in Sources */ = {isa = PBXBuildFile; fileRef = 86F1D4C12460DD6B00ABBDEF /* hb-ot-name.cc */; };
		86F1D5002460DD6C00ABBDEF /* hb-ot-face.cc in Sources */ = {isa = PBXBuildFile; fileRef = 86F1D4C22460DD6B00ABBDEF /* hb-ot-face.cc */; };
		86F1D5012460DD6C00ABBDEF /* hb-gobject-structs.cc in Sources */ = {isa = PBXBuildFile; fileRef = 86F1D4C32460DD6B00ABBDEF /* hb-gobject-structs.cc */; };
		86F1D5022460DD6C00ABBDEF /* hb-subset-cff2.cc in Sources */ = {isa = PBXBuildFile; fileRef = 86F1D4C42460DD6B00ABBDEF /* hb-subset-cff2.cc */; };
		86F1D5032460DD6C00ABBDEF /* hb-ot-shape-complex-use.cc in Sources */ = {isa = PBXBuildFile; fileRef = 86F1D4C52460DD6B00ABBDEF /* hb-ot-shape-complex-use.cc */; };
		86F1D5042460DD6C00ABBDEF /* hb-ot-shape-complex-default.cc in Sources */ = {isa = PBXBuildFile; fileRef = 86F1D4C62460DD6B00ABBDEF /* hb-ot-shape-complex-default.cc */; };
		86F1D5062460DD6C00ABBDEF /* hb-ot-color.cc in Sources */ = {isa = PBXBuildFile; fileRef = 86F1D4C82460DD6B00ABBDEF /* hb-ot-color.cc */; };
		86F1D5072460DD6C00ABBDEF /* hb-subset-input.cc in Sources */ = {isa = PBXBuildFile; fileRef = 86F1D4C92460DD6B00ABBDEF /* hb-subset-input.cc */; };
		86F1D5082460DD6C00ABBDEF /* hb-font.cc in Sources */ = {isa = PBXBuildFile; fileRef = 86F1D4CA2460DD6B00ABBDEF /* hb-font.cc */; };
		86F1D5092460DD6C00ABBDEF /* hb-ot-metrics.cc in Sources */ = {isa = PBXBuildFile; fileRef = 86F1D4CB2460DD6B00ABBDEF /* hb-ot-metrics.cc */; };
		86F1D50A2460DD6C00ABBDEF /* hb-shape-plan.cc in Sources */ = {isa = PBXBuildFile; fileRef = 86F1D4CC2460DD6B00ABBDEF /* hb-shape-plan.cc */; };
		86F1D50B2460DD6C00ABBDEF /* hb-subset-cff-common.cc in Sources */ = {isa = PBXBuildFile; fileRef = 86F1D4CD2460DD6B00ABBDEF /* hb-subset-cff-common.cc */; };
		86F1D50C2460DD6C00ABBDEF /* hb-directwrite.cc in Sources */ = {isa = PBXBuildFile; fileRef = 86F1D4CE2460DD6B00ABBDEF /* hb-directwrite.cc */; };
		86F1D50D2460DD6C00ABBDEF /* hb-ot-meta.cc in Sources */ = {isa = PBXBuildFile; fileRef = 86F1D4CF2460DD6B00ABBDEF /* hb-ot-meta.cc */; };
		86F1D50E2460DD6C00ABBDEF /* hb-ot-shape-complex-khmer.cc in Sources */ = {isa = PBXBuildFile; fileRef = 86F1D4D02460DD6B00ABBDEF /* hb-ot-shape-complex-khmer.cc */; };
		86F1D50F2460DD6C00ABBDEF /* hb-number.cc in Sources */ = {isa = PBXBuildFile; fileRef = 86F1D4D12460DD6B00ABBDEF /* hb-number.cc */; };
		86F1D5102460DD6C00ABBDEF /* hb-aat-map.cc in Sources */ = {isa = PBXBuildFile; fileRef = 86F1D4D22460DD6B00ABBDEF /* hb-aat-map.cc */; };
		86F1D5112460DD6C00ABBDEF /* hb-face.cc in Sources */ = {isa = PBXBuildFile; fileRef = 86F1D4D32460DD6B00ABBDEF /* hb-face.cc */; };
		86F1D5122460DD6C00ABBDEF /* hb-shaper.cc in Sources */ = {isa = PBXBuildFile; fileRef = 86F1D4D42460DD6B00ABBDEF /* hb-shaper.cc */; };
		86F1D5132460DD6C00ABBDEF /* hb-graphite2.cc in Sources */ = {isa = PBXBuildFile; fileRef = 86F1D4D52460DD6B00ABBDEF /* hb-graphite2.cc */; };
		86F1D5142460DD6C00ABBDEF /* hb-set.cc in Sources */ = {isa = PBXBuildFile; fileRef = 86F1D4D62460DD6C00ABBDEF /* hb-set.cc */; };
		86F1D5152460DD6C00ABBDEF /* hb-ot-font.cc in Sources */ = {isa = PBXBuildFile; fileRef = 86F1D4D72460DD6C00ABBDEF /* hb-ot-font.cc */; };
		86F1D5162460DD6C00ABBDEF /* hb-glib.cc in Sources */ = {isa = PBXBuildFile; fileRef = 86F1D4D82460DD6C00ABBDEF /* hb-glib.cc */; };
		86F1D5172460DD6C00ABBDEF /* hb-ot-shape-complex-arabic.cc in Sources */ = {isa = PBXBuildFile; fileRef = 86F1D4D92460DD6C00ABBDEF /* hb-ot-shape-complex-arabic.cc */; };
		86F1D5182460DD6C00ABBDEF /* hb-ot-shape-complex-use-table.cc in Sources */ = {isa = PBXBuildFile; fileRef = 86F1D4DA2460DD6C00ABBDEF /* hb-ot-shape-complex-use-table.cc */; };
		86F1D5192460DD6C00ABBDEF /* hb-ot-shape-normalize.cc in Sources */ = {isa = PBXBuildFile; fileRef = 86F1D4DB2460DD6C00ABBDEF /* hb-ot-shape-normalize.cc */; };
		86F1D51A2460DD6C00ABBDEF /* hb-fallback-shape.cc in Sources */ = {isa = PBXBuildFile; fileRef = 86F1D4DC2460DD6C00ABBDEF /* hb-fallback-shape.cc */; };
		86F1D51B2460DD6C00ABBDEF /* hb-ot-tag.cc in Sources */ = {isa = PBXBuildFile; fileRef = 86F1D4DD2460DD6C00ABBDEF /* hb-ot-tag.cc */; };
		86F1D51C2460DD6C00ABBDEF /* hb-ot-math.cc in Sources */ = {isa = PBXBuildFile; fileRef = 86F1D4DE2460DD6C00ABBDEF /* hb-ot-math.cc */; };
		86F1D51D2460DD6C00ABBDEF /* hb-ot-shape-complex-vowel-constraints.cc in Sources */ = {isa = PBXBuildFile; fileRef = 86F1D4DF2460DD6C00ABBDEF /* hb-ot-shape-complex-vowel-constraints.cc */; };
		86F1D51E2460DD6C00ABBDEF /* hb-ft.cc in Sources */ = {isa = PBXBuildFile; fileRef = 86F1D4E02460DD6C00ABBDEF /* hb-ft.cc */; };
		86F1D51F2460DD6C00ABBDEF /* hb-subset-plan.cc in Sources */ = {isa = PBXBuildFile; fileRef = 86F1D4E12460DD6C00ABBDEF /* hb-subset-plan.cc */; };
		86F1D5202460DD6C00ABBDEF /* hb-draw.cc in Sources */ = {isa = PBXBuildFile; fileRef = 86F1D4E22460DD6C00ABBDEF /* hb-draw.cc */; };
		86F1D5212460DD6C00ABBDEF /* hb-ot-shape-complex-indic.cc in Sources */ = {isa = PBXBuildFile; fileRef = 86F1D4E32460DD6C00ABBDEF /* hb-ot-shape-complex-indic.cc */; };
		86F1D5222460DD6C00ABBDEF /* hb-aat-layout.cc in Sources */ = {isa = PBXBuildFile; fileRef = 86F1D4E42460DD6C00ABBDEF /* hb-aat-layout.cc */; };
		86F1D5232460DD6C00ABBDEF /* hb-ot-shape-complex-thai.cc in Sources */ = {isa = PBXBuildFile; fileRef = 86F1D4E52460DD6C00ABBDEF /* hb-ot-shape-complex-thai.cc */; };
		86F1D5242460DD6C00ABBDEF /* hb-buffer-serialize.cc in Sources */ = {isa = PBXBuildFile; fileRef = 86F1D4E62460DD6C00ABBDEF /* hb-buffer-serialize.cc */; };
		86F1D5252460DD6C00ABBDEF /* hb-coretext.cc in Sources */ = {isa = PBXBuildFile; fileRef = 86F1D4E72460DD6C00ABBDEF /* hb-coretext.cc */; };
		86F1D5262460DD6C00ABBDEF /* hb-static.cc in Sources */ = {isa = PBXBuildFile; fileRef = 86F1D4E82460DD6C00ABBDEF /* hb-static.cc */; };
		86F1D5272460DD6C00ABBDEF /* hb-unicode.cc in Sources */ = {isa = PBXBuildFile; fileRef = 86F1D4E92460DD6C00ABBDEF /* hb-unicode.cc */; };
		86F1D5282460DD6C00ABBDEF /* hb-subset-cff1.cc in Sources */ = {isa = PBXBuildFile; fileRef = 86F1D4EA2460DD6C00ABBDEF /* hb-subset-cff1.cc */; };
/* End PBXBuildFile section */

/* Begin PBXFileReference section */
		2C1F116CF6E15399E6BA649C /* Pods-RTOReader.debug.xcconfig */ = {isa = PBXFileReference; includeInIndex = 1; lastKnownFileType = text.xcconfig; name = "Pods-RTOReader.debug.xcconfig"; path = "Target Support Files/Pods-RTOReader/Pods-RTOReader.debug.xcconfig"; sourceTree = "<group>"; };
		866817D6246AF36F00BA4E55 /* test.txt */ = {isa = PBXFileReference; fileEncoding = 4; lastKnownFileType = text; path = test.txt; sourceTree = "<group>"; };
		867563FB24699AB200A6D4EB /* 站酷庆科黄油体.ttf */ = {isa = PBXFileReference; lastKnownFileType = file; path = "站酷庆科黄油体.ttf"; sourceTree = "<group>"; };
		868C4744242ED2AC00C84B88 /* esUtil.h */ = {isa = PBXFileReference; fileEncoding = 4; lastKnownFileType = sourcecode.c.h; path = esUtil.h; sourceTree = "<group>"; };
		868C4746242ED2AC00C84B88 /* FileWrapper.h */ = {isa = PBXFileReference; fileEncoding = 4; lastKnownFileType = sourcecode.c.h; path = FileWrapper.h; sourceTree = "<group>"; };
		868C474A242ED2AC00C84B88 /* esUtil.c */ = {isa = PBXFileReference; fileEncoding = 4; lastKnownFileType = sourcecode.c.c; path = esUtil.c; sourceTree = "<group>"; };
		868C474B242ED2AC00C84B88 /* FileWrapper.m */ = {isa = PBXFileReference; fileEncoding = 4; lastKnownFileType = sourcecode.c.objc; path = FileWrapper.m; sourceTree = "<group>"; };
		868C474D242ED2AC00C84B88 /* Trebuchet MS.ttf */ = {isa = PBXFileReference; lastKnownFileType = file; path = "Trebuchet MS.ttf"; sourceTree = "<group>"; };
		86A41167242B99DE00E9F637 /* RTOReader.app */ = {isa = PBXFileReference; explicitFileType = wrapper.application; includeInIndex = 0; path = RTOReader.app; sourceTree = BUILT_PRODUCTS_DIR; };
		86A4116A242B99DE00E9F637 /* AppDelegate.h */ = {isa = PBXFileReference; lastKnownFileType = sourcecode.c.h; path = AppDelegate.h; sourceTree = "<group>"; };
		86A4116B242B99DE00E9F637 /* AppDelegate.m */ = {isa = PBXFileReference; lastKnownFileType = sourcecode.c.objc; path = AppDelegate.m; sourceTree = "<group>"; };
		86A41170242B99DE00E9F637 /* ViewController.h */ = {isa = PBXFileReference; lastKnownFileType = sourcecode.c.h; path = ViewController.h; sourceTree = "<group>"; };
		86A41171242B99DE00E9F637 /* ViewController.m */ = {isa = PBXFileReference; lastKnownFileType = sourcecode.c.objc; path = ViewController.m; sourceTree = "<group>"; };
		86A41176242B99E000E9F637 /* Assets.xcassets */ = {isa = PBXFileReference; lastKnownFileType = folder.assetcatalog; path = Assets.xcassets; sourceTree = "<group>"; };
		86A4117B242B99E000E9F637 /* Info.plist */ = {isa = PBXFileReference; lastKnownFileType = text.plist.xml; path = Info.plist; sourceTree = "<group>"; };
		86A4117C242B99E000E9F637 /* main.m */ = {isa = PBXFileReference; lastKnownFileType = sourcecode.c.objc; path = main.m; sourceTree = "<group>"; };
		86F1D4AD2460DD6A00ABBDEF /* hb-ot-shape-complex-hebrew.cc */ = {isa = PBXFileReference; fileEncoding = 4; lastKnownFileType = sourcecode.cpp.cpp; name = "hb-ot-shape-complex-hebrew.cc"; path = "harfbuzz/src/hb-ot-shape-complex-hebrew.cc"; sourceTree = "<group>"; };
		86F1D4AE2460DD6A00ABBDEF /* hb-ucd.cc */ = {isa = PBXFileReference; fileEncoding = 4; lastKnownFileType = sourcecode.cpp.cpp; name = "hb-ucd.cc"; path = "harfbuzz/src/hb-ucd.cc"; sourceTree = "<group>"; };
		86F1D4AF2460DD6A00ABBDEF /* hb-buffer.cc */ = {isa = PBXFileReference; fileEncoding = 4; lastKnownFileType = sourcecode.cpp.cpp; name = "hb-buffer.cc"; path = "harfbuzz/src/hb-buffer.cc"; sourceTree = "<group>"; };
		86F1D4B02460DD6A00ABBDEF /* hb-blob.cc */ = {isa = PBXFileReference; fileEncoding = 4; lastKnownFileType = sourcecode.cpp.cpp; name = "hb-blob.cc"; path = "harfbuzz/src/hb-blob.cc"; sourceTree = "<group>"; };
		86F1D4B12460DD6B00ABBDEF /* hb-ot-layout.cc */ = {isa = PBXFileReference; fileEncoding = 4; lastKnownFileType = sourcecode.cpp.cpp; name = "hb-ot-layout.cc"; path = "harfbuzz/src/hb-ot-layout.cc"; sourceTree = "<group>"; };
		86F1D4B22460DD6B00ABBDEF /* hb-ot-shape-complex-hangul.cc */ = {isa = PBXFileReference; fileEncoding = 4; lastKnownFileType = sourcecode.cpp.cpp; name = "hb-ot-shape-complex-hangul.cc"; path = "harfbuzz/src/hb-ot-shape-complex-hangul.cc"; sourceTree = "<group>"; };
		86F1D4B32460DD6B00ABBDEF /* hb-subset.cc */ = {isa = PBXFileReference; fileEncoding = 4; lastKnownFileType = sourcecode.cpp.cpp; name = "hb-subset.cc"; path = "harfbuzz/src/hb-subset.cc"; sourceTree = "<group>"; };
		86F1D4B42460DD6B00ABBDEF /* hb-shape.cc */ = {isa = PBXFileReference; fileEncoding = 4; lastKnownFileType = sourcecode.cpp.cpp; name = "hb-shape.cc"; path = "harfbuzz/src/hb-shape.cc"; sourceTree = "<group>"; };
		86F1D4B52460DD6B00ABBDEF /* hb-ot-shape-complex-myanmar.cc */ = {isa = PBXFileReference; fileEncoding = 4; lastKnownFileType = sourcecode.cpp.cpp; name = "hb-ot-shape-complex-myanmar.cc"; path = "harfbuzz/src/hb-ot-shape-complex-myanmar.cc"; sourceTree = "<group>"; };
		86F1D4B62460DD6B00ABBDEF /* hb-common.cc */ = {isa = PBXFileReference; fileEncoding = 4; lastKnownFileType = sourcecode.cpp.cpp; name = "hb-common.cc"; path = "harfbuzz/src/hb-common.cc"; sourceTree = "<group>"; };
		86F1D4B72460DD6B00ABBDEF /* hb-ot-cff2-table.cc */ = {isa = PBXFileReference; fileEncoding = 4; lastKnownFileType = sourcecode.cpp.cpp; name = "hb-ot-cff2-table.cc"; path = "harfbuzz/src/hb-ot-cff2-table.cc"; sourceTree = "<group>"; };
		86F1D4B82460DD6B00ABBDEF /* hb-ot-map.cc */ = {isa = PBXFileReference; fileEncoding = 4; lastKnownFileType = sourcecode.cpp.cpp; name = "hb-ot-map.cc"; path = "harfbuzz/src/hb-ot-map.cc"; sourceTree = "<group>"; };
		86F1D4B92460DD6B00ABBDEF /* hb-ot-shape.cc */ = {isa = PBXFileReference; fileEncoding = 4; lastKnownFileType = sourcecode.cpp.cpp; name = "hb-ot-shape.cc"; path = "harfbuzz/src/hb-ot-shape.cc"; sourceTree = "<group>"; };
		86F1D4BA2460DD6B00ABBDEF /* hb-gdi.cc */ = {isa = PBXFileReference; fileEncoding = 4; lastKnownFileType = sourcecode.cpp.cpp; name = "hb-gdi.cc"; path = "harfbuzz/src/hb-gdi.cc"; sourceTree = "<group>"; };
		86F1D4BB2460DD6B00ABBDEF /* hb-ot-var.cc */ = {isa = PBXFileReference; fileEncoding = 4; lastKnownFileType = sourcecode.cpp.cpp; name = "hb-ot-var.cc"; path = "harfbuzz/src/hb-ot-var.cc"; sourceTree = "<group>"; };
		86F1D4BC2460DD6B00ABBDEF /* hb-ot-shape-complex-indic-table.cc */ = {isa = PBXFileReference; fileEncoding = 4; lastKnownFileType = sourcecode.cpp.cpp; name = "hb-ot-shape-complex-indic-table.cc"; path = "harfbuzz/src/hb-ot-shape-complex-indic-table.cc"; sourceTree = "<group>"; };
		86F1D4BD2460DD6B00ABBDEF /* hb-ot-shape-fallback.cc */ = {isa = PBXFileReference; fileEncoding = 4; lastKnownFileType = sourcecode.cpp.cpp; name = "hb-ot-shape-fallback.cc"; path = "harfbuzz/src/hb-ot-shape-fallback.cc"; sourceTree = "<group>"; };
		86F1D4BE2460DD6B00ABBDEF /* hb-map.cc */ = {isa = PBXFileReference; fileEncoding = 4; lastKnownFileType = sourcecode.cpp.cpp; name = "hb-map.cc"; path = "harfbuzz/src/hb-map.cc"; sourceTree = "<group>"; };
		86F1D4BF2460DD6B00ABBDEF /* hb-ot-cff1-table.cc */ = {isa = PBXFileReference; fileEncoding = 4; lastKnownFileType = sourcecode.cpp.cpp; name = "hb-ot-cff1-table.cc"; path = "harfbuzz/src/hb-ot-cff1-table.cc"; sourceTree = "<group>"; };
		86F1D4C12460DD6B00ABBDEF /* hb-ot-name.cc */ = {isa = PBXFileReference; fileEncoding = 4; lastKnownFileType = sourcecode.cpp.cpp; name = "hb-ot-name.cc"; path = "harfbuzz/src/hb-ot-name.cc"; sourceTree = "<group>"; };
		86F1D4C22460DD6B00ABBDEF /* hb-ot-face.cc */ = {isa = PBXFileReference; fileEncoding = 4; lastKnownFileType = sourcecode.cpp.cpp; name = "hb-ot-face.cc"; path = "harfbuzz/src/hb-ot-face.cc"; sourceTree = "<group>"; };
		86F1D4C32460DD6B00ABBDEF /* hb-gobject-structs.cc */ = {isa = PBXFileReference; fileEncoding = 4; lastKnownFileType = sourcecode.cpp.cpp; name = "hb-gobject-structs.cc"; path = "harfbuzz/src/hb-gobject-structs.cc"; sourceTree = "<group>"; };
		86F1D4C42460DD6B00ABBDEF /* hb-subset-cff2.cc */ = {isa = PBXFileReference; fileEncoding = 4; lastKnownFileType = sourcecode.cpp.cpp; name = "hb-subset-cff2.cc"; path = "harfbuzz/src/hb-subset-cff2.cc"; sourceTree = "<group>"; };
		86F1D4C52460DD6B00ABBDEF /* hb-ot-shape-complex-use.cc */ = {isa = PBXFileReference; fileEncoding = 4; lastKnownFileType = sourcecode.cpp.cpp; name = "hb-ot-shape-complex-use.cc"; path = "harfbuzz/src/hb-ot-shape-complex-use.cc"; sourceTree = "<group>"; };
		86F1D4C62460DD6B00ABBDEF /* hb-ot-shape-complex-default.cc */ = {isa = PBXFileReference; fileEncoding = 4; lastKnownFileType = sourcecode.cpp.cpp; name = "hb-ot-shape-complex-default.cc"; path = "harfbuzz/src/hb-ot-shape-complex-default.cc"; sourceTree = "<group>"; };
		86F1D4C82460DD6B00ABBDEF /* hb-ot-color.cc */ = {isa = PBXFileReference; fileEncoding = 4; lastKnownFileType = sourcecode.cpp.cpp; name = "hb-ot-color.cc"; path = "harfbuzz/src/hb-ot-color.cc"; sourceTree = "<group>"; };
		86F1D4C92460DD6B00ABBDEF /* hb-subset-input.cc */ = {isa = PBXFileReference; fileEncoding = 4; lastKnownFileType = sourcecode.cpp.cpp; name = "hb-subset-input.cc"; path = "harfbuzz/src/hb-subset-input.cc"; sourceTree = "<group>"; };
		86F1D4CA2460DD6B00ABBDEF /* hb-font.cc */ = {isa = PBXFileReference; fileEncoding = 4; lastKnownFileType = sourcecode.cpp.cpp; name = "hb-font.cc"; path = "harfbuzz/src/hb-font.cc"; sourceTree = "<group>"; };
		86F1D4CB2460DD6B00ABBDEF /* hb-ot-metrics.cc */ = {isa = PBXFileReference; fileEncoding = 4; lastKnownFileType = sourcecode.cpp.cpp; name = "hb-ot-metrics.cc"; path = "harfbuzz/src/hb-ot-metrics.cc"; sourceTree = "<group>"; };
		86F1D4CC2460DD6B00ABBDEF /* hb-shape-plan.cc */ = {isa = PBXFileReference; fileEncoding = 4; lastKnownFileType = sourcecode.cpp.cpp; name = "hb-shape-plan.cc"; path = "harfbuzz/src/hb-shape-plan.cc"; sourceTree = "<group>"; };
		86F1D4CD2460DD6B00ABBDEF /* hb-subset-cff-common.cc */ = {isa = PBXFileReference; fileEncoding = 4; lastKnownFileType = sourcecode.cpp.cpp; name = "hb-subset-cff-common.cc"; path = "harfbuzz/src/hb-subset-cff-common.cc"; sourceTree = "<group>"; };
		86F1D4CE2460DD6B00ABBDEF /* hb-directwrite.cc */ = {isa = PBXFileReference; fileEncoding = 4; lastKnownFileType = sourcecode.cpp.cpp; name = "hb-directwrite.cc"; path = "harfbuzz/src/hb-directwrite.cc"; sourceTree = "<group>"; };
		86F1D4CF2460DD6B00ABBDEF /* hb-ot-meta.cc */ = {isa = PBXFileReference; fileEncoding = 4; lastKnownFileType = sourcecode.cpp.cpp; name = "hb-ot-meta.cc"; path = "harfbuzz/src/hb-ot-meta.cc"; sourceTree = "<group>"; };
		86F1D4D02460DD6B00ABBDEF /* hb-ot-shape-complex-khmer.cc */ = {isa = PBXFileReference; fileEncoding = 4; lastKnownFileType = sourcecode.cpp.cpp; name = "hb-ot-shape-complex-khmer.cc"; path = "harfbuzz/src/hb-ot-shape-complex-khmer.cc"; sourceTree = "<group>"; };
		86F1D4D12460DD6B00ABBDEF /* hb-number.cc */ = {isa = PBXFileReference; fileEncoding = 4; lastKnownFileType = sourcecode.cpp.cpp; name = "hb-number.cc"; path = "harfbuzz/src/hb-number.cc"; sourceTree = "<group>"; };
		86F1D4D22460DD6B00ABBDEF /* hb-aat-map.cc */ = {isa = PBXFileReference; fileEncoding = 4; lastKnownFileType = sourcecode.cpp.cpp; name = "hb-aat-map.cc"; path = "harfbuzz/src/hb-aat-map.cc"; sourceTree = "<group>"; };
		86F1D4D32460DD6B00ABBDEF /* hb-face.cc */ = {isa = PBXFileReference; fileEncoding = 4; lastKnownFileType = sourcecode.cpp.cpp; name = "hb-face.cc"; path = "harfbuzz/src/hb-face.cc"; sourceTree = "<group>"; };
		86F1D4D42460DD6B00ABBDEF /* hb-shaper.cc */ = {isa = PBXFileReference; fileEncoding = 4; lastKnownFileType = sourcecode.cpp.cpp; name = "hb-shaper.cc"; path = "harfbuzz/src/hb-shaper.cc"; sourceTree = "<group>"; };
		86F1D4D52460DD6B00ABBDEF /* hb-graphite2.cc */ = {isa = PBXFileReference; fileEncoding = 4; lastKnownFileType = sourcecode.cpp.cpp; name = "hb-graphite2.cc"; path = "harfbuzz/src/hb-graphite2.cc"; sourceTree = "<group>"; };
		86F1D4D62460DD6C00ABBDEF /* hb-set.cc */ = {isa = PBXFileReference; fileEncoding = 4; lastKnownFileType = sourcecode.cpp.cpp; name = "hb-set.cc"; path = "harfbuzz/src/hb-set.cc"; sourceTree = "<group>"; };
		86F1D4D72460DD6C00ABBDEF /* hb-ot-font.cc */ = {isa = PBXFileReference; fileEncoding = 4; lastKnownFileType = sourcecode.cpp.cpp; name = "hb-ot-font.cc"; path = "harfbuzz/src/hb-ot-font.cc"; sourceTree = "<group>"; };
		86F1D4D82460DD6C00ABBDEF /* hb-glib.cc */ = {isa = PBXFileReference; fileEncoding = 4; lastKnownFileType = sourcecode.cpp.cpp; name = "hb-glib.cc"; path = "harfbuzz/src/hb-glib.cc"; sourceTree = "<group>"; };
		86F1D4D92460DD6C00ABBDEF /* hb-ot-shape-complex-arabic.cc */ = {isa = PBXFileReference; fileEncoding = 4; lastKnownFileType = sourcecode.cpp.cpp; name = "hb-ot-shape-complex-arabic.cc"; path = "harfbuzz/src/hb-ot-shape-complex-arabic.cc"; sourceTree = "<group>"; };
		86F1D4DA2460DD6C00ABBDEF /* hb-ot-shape-complex-use-table.cc */ = {isa = PBXFileReference; fileEncoding = 4; lastKnownFileType = sourcecode.cpp.cpp; name = "hb-ot-shape-complex-use-table.cc"; path = "harfbuzz/src/hb-ot-shape-complex-use-table.cc"; sourceTree = "<group>"; };
		86F1D4DB2460DD6C00ABBDEF /* hb-ot-shape-normalize.cc */ = {isa = PBXFileReference; fileEncoding = 4; lastKnownFileType = sourcecode.cpp.cpp; name = "hb-ot-shape-normalize.cc"; path = "harfbuzz/src/hb-ot-shape-normalize.cc"; sourceTree = "<group>"; };
		86F1D4DC2460DD6C00ABBDEF /* hb-fallback-shape.cc */ = {isa = PBXFileReference; fileEncoding = 4; lastKnownFileType = sourcecode.cpp.cpp; name = "hb-fallback-shape.cc"; path = "harfbuzz/src/hb-fallback-shape.cc"; sourceTree = "<group>"; };
		86F1D4DD2460DD6C00ABBDEF /* hb-ot-tag.cc */ = {isa = PBXFileReference; fileEncoding = 4; lastKnownFileType = sourcecode.cpp.cpp; name = "hb-ot-tag.cc"; path = "harfbuzz/src/hb-ot-tag.cc"; sourceTree = "<group>"; };
		86F1D4DE2460DD6C00ABBDEF /* hb-ot-math.cc */ = {isa = PBXFileReference; fileEncoding = 4; lastKnownFileType = sourcecode.cpp.cpp; name = "hb-ot-math.cc"; path = "harfbuzz/src/hb-ot-math.cc"; sourceTree = "<group>"; };
		86F1D4DF2460DD6C00ABBDEF /* hb-ot-shape-complex-vowel-constraints.cc */ = {isa = PBXFileReference; fileEncoding = 4; lastKnownFileType = sourcecode.cpp.cpp; name = "hb-ot-shape-complex-vowel-constraints.cc"; path = "harfbuzz/src/hb-ot-shape-complex-vowel-constraints.cc"; sourceTree = "<group>"; };
		86F1D4E02460DD6C00ABBDEF /* hb-ft.cc */ = {isa = PBXFileReference; fileEncoding = 4; lastKnownFileType = sourcecode.cpp.cpp; name = "hb-ft.cc"; path = "harfbuzz/src/hb-ft.cc"; sourceTree = "<group>"; };
		86F1D4E12460DD6C00ABBDEF /* hb-subset-plan.cc */ = {isa = PBXFileReference; fileEncoding = 4; lastKnownFileType = sourcecode.cpp.cpp; name = "hb-subset-plan.cc"; path = "harfbuzz/src/hb-subset-plan.cc"; sourceTree = "<group>"; };
		86F1D4E22460DD6C00ABBDEF /* hb-draw.cc */ = {isa = PBXFileReference; fileEncoding = 4; lastKnownFileType = sourcecode.cpp.cpp; name = "hb-draw.cc"; path = "harfbuzz/src/hb-draw.cc"; sourceTree = "<group>"; };
		86F1D4E32460DD6C00ABBDEF /* hb-ot-shape-complex-indic.cc */ = {isa = PBXFileReference; fileEncoding = 4; lastKnownFileType = sourcecode.cpp.cpp; name = "hb-ot-shape-complex-indic.cc"; path = "harfbuzz/src/hb-ot-shape-complex-indic.cc"; sourceTree = "<group>"; };
		86F1D4E42460DD6C00ABBDEF /* hb-aat-layout.cc */ = {isa = PBXFileReference; fileEncoding = 4; lastKnownFileType = sourcecode.cpp.cpp; name = "hb-aat-layout.cc"; path = "harfbuzz/src/hb-aat-layout.cc"; sourceTree = "<group>"; };
		86F1D4E52460DD6C00ABBDEF /* hb-ot-shape-complex-thai.cc */ = {isa = PBXFileReference; fileEncoding = 4; lastKnownFileType = sourcecode.cpp.cpp; name = "hb-ot-shape-complex-thai.cc"; path = "harfbuzz/src/hb-ot-shape-complex-thai.cc"; sourceTree = "<group>"; };
		86F1D4E62460DD6C00ABBDEF /* hb-buffer-serialize.cc */ = {isa = PBXFileReference; fileEncoding = 4; lastKnownFileType = sourcecode.cpp.cpp; name = "hb-buffer-serialize.cc"; path = "harfbuzz/src/hb-buffer-serialize.cc"; sourceTree = "<group>"; };
		86F1D4E72460DD6C00ABBDEF /* hb-coretext.cc */ = {isa = PBXFileReference; fileEncoding = 4; lastKnownFileType = sourcecode.cpp.cpp; name = "hb-coretext.cc"; path = "harfbuzz/src/hb-coretext.cc"; sourceTree = "<group>"; };
		86F1D4E82460DD6C00ABBDEF /* hb-static.cc */ = {isa = PBXFileReference; fileEncoding = 4; lastKnownFileType = sourcecode.cpp.cpp; name = "hb-static.cc"; path = "harfbuzz/src/hb-static.cc"; sourceTree = "<group>"; };
		86F1D4E92460DD6C00ABBDEF /* hb-unicode.cc */ = {isa = PBXFileReference; fileEncoding = 4; lastKnownFileType = sourcecode.cpp.cpp; name = "hb-unicode.cc"; path = "harfbuzz/src/hb-unicode.cc"; sourceTree = "<group>"; };
		86F1D4EA2460DD6C00ABBDEF /* hb-subset-cff1.cc */ = {isa = PBXFileReference; fileEncoding = 4; lastKnownFileType = sourcecode.cpp.cpp; name = "hb-subset-cff1.cc"; path = "harfbuzz/src/hb-subset-cff1.cc"; sourceTree = "<group>"; };
		86F1D52C2460F23F00ABBDEF /* RTOReader-Prefix.pch */ = {isa = PBXFileReference; lastKnownFileType = sourcecode.c.h; path = "RTOReader-Prefix.pch"; sourceTree = "<group>"; };
		9FB240430C4306B4C593811D /* libPods-RTOReader.a */ = {isa = PBXFileReference; explicitFileType = archive.ar; includeInIndex = 0; path = "libPods-RTOReader.a"; sourceTree = BUILT_PRODUCTS_DIR; };
		A2BA8279EBBC720B3E3E8B54 /* Pods-RTOReader.release.xcconfig */ = {isa = PBXFileReference; includeInIndex = 1; lastKnownFileType = text.xcconfig; name = "Pods-RTOReader.release.xcconfig"; path = "Target Support Files/Pods-RTOReader/Pods-RTOReader.release.xcconfig"; sourceTree = "<group>"; };
/* End PBXFileReference section */

/* Begin PBXFrameworksBuildPhase section */
		86A41164242B99DE00E9F637 /* Frameworks */ = {
			isa = PBXFrameworksBuildPhase;
			buildActionMask = 2147483647;
			files = (
				4488E39591505E5257DB2838 /* libPods-RTOReader.a in Frameworks */,
			);
			runOnlyForDeploymentPostprocessing = 0;
		};
/* End PBXFrameworksBuildPhase section */

/* Begin PBXGroup section */
		539FAAB98CA5BC9D1A9237DF /* Frameworks */ = {
			isa = PBXGroup;
			children = (
				9FB240430C4306B4C593811D /* libPods-RTOReader.a */,
			);
			name = Frameworks;
			sourceTree = "<group>";
		};
		8645A047245DBDE70087B0C7 /* Third */ = {
			isa = PBXGroup;
			children = (
				86F1D4AC2460460600ABBDEF /* HarfBuzz */,
			);
			path = Third;
			sourceTree = "<group>";
		};
		868C4741242ED2AC00C84B88 /* Utils */ = {
			isa = PBXGroup;
			children = (
				868C4744242ED2AC00C84B88 /* esUtil.h */,
				868C474A242ED2AC00C84B88 /* esUtil.c */,
				868C4746242ED2AC00C84B88 /* FileWrapper.h */,
				868C474B242ED2AC00C84B88 /* FileWrapper.m */,
			);
			path = Utils;
			sourceTree = "<group>";
		};
		868C474C242ED2AC00C84B88 /* Resources */ = {
			isa = PBXGroup;
			children = (
				867563FB24699AB200A6D4EB /* 站酷庆科黄油体.ttf */,
				868C474D242ED2AC00C84B88 /* Trebuchet MS.ttf */,
				866817D6246AF36F00BA4E55 /* test.txt */,
			);
			path = Resources;
			sourceTree = "<group>";
		};
		86A4115E242B99DE00E9F637 = {
			isa = PBXGroup;
			children = (
				86A41169242B99DE00E9F637 /* RTOReader */,
				86A41168242B99DE00E9F637 /* Products */,
				DE8FD40401311C07CA5419FF /* Pods */,
				539FAAB98CA5BC9D1A9237DF /* Frameworks */,
			);
			sourceTree = "<group>";
		};
		86A41168242B99DE00E9F637 /* Products */ = {
			isa = PBXGroup;
			children = (
				86A41167242B99DE00E9F637 /* RTOReader.app */,
			);
			name = Products;
			sourceTree = "<group>";
		};
		86A41169242B99DE00E9F637 /* RTOReader */ = {
			isa = PBXGroup;
			children = (
				8645A047245DBDE70087B0C7 /* Third */,
				868C474C242ED2AC00C84B88 /* Resources */,
				868C4741242ED2AC00C84B88 /* Utils */,
				86A4116A242B99DE00E9F637 /* AppDelegate.h */,
				86A4116B242B99DE00E9F637 /* AppDelegate.m */,
				86A41170242B99DE00E9F637 /* ViewController.h */,
				86A41171242B99DE00E9F637 /* ViewController.m */,
				86A41176242B99E000E9F637 /* Assets.xcassets */,
				86A4117B242B99E000E9F637 /* Info.plist */,
				86A4117C242B99E000E9F637 /* main.m */,
				86F1D52C2460F23F00ABBDEF /* RTOReader-Prefix.pch */,
			);
			path = RTOReader;
			sourceTree = "<group>";
		};
		86F1D4AC2460460600ABBDEF /* HarfBuzz */ = {
			isa = PBXGroup;
			children = (
				86F1D4E42460DD6C00ABBDEF /* hb-aat-layout.cc */,
				86F1D4D22460DD6B00ABBDEF /* hb-aat-map.cc */,
				86F1D4B02460DD6A00ABBDEF /* hb-blob.cc */,
				86F1D4E62460DD6C00ABBDEF /* hb-buffer-serialize.cc */,
				86F1D4AF2460DD6A00ABBDEF /* hb-buffer.cc */,
				86F1D4B62460DD6B00ABBDEF /* hb-common.cc */,
				86F1D4E72460DD6C00ABBDEF /* hb-coretext.cc */,
				86F1D4CE2460DD6B00ABBDEF /* hb-directwrite.cc */,
				86F1D4E22460DD6C00ABBDEF /* hb-draw.cc */,
				86F1D4D32460DD6B00ABBDEF /* hb-face.cc */,
				86F1D4DC2460DD6C00ABBDEF /* hb-fallback-shape.cc */,
				86F1D4CA2460DD6B00ABBDEF /* hb-font.cc */,
				86F1D4E02460DD6C00ABBDEF /* hb-ft.cc */,
				86F1D4BA2460DD6B00ABBDEF /* hb-gdi.cc */,
				86F1D4D82460DD6C00ABBDEF /* hb-glib.cc */,
				86F1D4C32460DD6B00ABBDEF /* hb-gobject-structs.cc */,
				86F1D4D52460DD6B00ABBDEF /* hb-graphite2.cc */,
				86F1D4BE2460DD6B00ABBDEF /* hb-map.cc */,
				86F1D4D12460DD6B00ABBDEF /* hb-number.cc */,
				86F1D4BF2460DD6B00ABBDEF /* hb-ot-cff1-table.cc */,
				86F1D4B72460DD6B00ABBDEF /* hb-ot-cff2-table.cc */,
				86F1D4C82460DD6B00ABBDEF /* hb-ot-color.cc */,
				86F1D4C22460DD6B00ABBDEF /* hb-ot-face.cc */,
				86F1D4D72460DD6C00ABBDEF /* hb-ot-font.cc */,
				86F1D4B12460DD6B00ABBDEF /* hb-ot-layout.cc */,
				86F1D4B82460DD6B00ABBDEF /* hb-ot-map.cc */,
				86F1D4DE2460DD6C00ABBDEF /* hb-ot-math.cc */,
				86F1D4CF2460DD6B00ABBDEF /* hb-ot-meta.cc */,
				86F1D4CB2460DD6B00ABBDEF /* hb-ot-metrics.cc */,
				86F1D4C12460DD6B00ABBDEF /* hb-ot-name.cc */,
				86F1D4D92460DD6C00ABBDEF /* hb-ot-shape-complex-arabic.cc */,
				86F1D4C62460DD6B00ABBDEF /* hb-ot-shape-complex-default.cc */,
				86F1D4B22460DD6B00ABBDEF /* hb-ot-shape-complex-hangul.cc */,
				86F1D4AD2460DD6A00ABBDEF /* hb-ot-shape-complex-hebrew.cc */,
				86F1D4BC2460DD6B00ABBDEF /* hb-ot-shape-complex-indic-table.cc */,
				86F1D4E32460DD6C00ABBDEF /* hb-ot-shape-complex-indic.cc */,
				86F1D4D02460DD6B00ABBDEF /* hb-ot-shape-complex-khmer.cc */,
				86F1D4B52460DD6B00ABBDEF /* hb-ot-shape-complex-myanmar.cc */,
				86F1D4E52460DD6C00ABBDEF /* hb-ot-shape-complex-thai.cc */,
				86F1D4DA2460DD6C00ABBDEF /* hb-ot-shape-complex-use-table.cc */,
				86F1D4C52460DD6B00ABBDEF /* hb-ot-shape-complex-use.cc */,
				86F1D4DF2460DD6C00ABBDEF /* hb-ot-shape-complex-vowel-constraints.cc */,
				86F1D4BD2460DD6B00ABBDEF /* hb-ot-shape-fallback.cc */,
				86F1D4DB2460DD6C00ABBDEF /* hb-ot-shape-normalize.cc */,
				86F1D4B92460DD6B00ABBDEF /* hb-ot-shape.cc */,
				86F1D4DD2460DD6C00ABBDEF /* hb-ot-tag.cc */,
				86F1D4BB2460DD6B00ABBDEF /* hb-ot-var.cc */,
				86F1D4D62460DD6C00ABBDEF /* hb-set.cc */,
				86F1D4CC2460DD6B00ABBDEF /* hb-shape-plan.cc */,
				86F1D4B42460DD6B00ABBDEF /* hb-shape.cc */,
				86F1D4D42460DD6B00ABBDEF /* hb-shaper.cc */,
				86F1D4E82460DD6C00ABBDEF /* hb-static.cc */,
				86F1D4CD2460DD6B00ABBDEF /* hb-subset-cff-common.cc */,
				86F1D4EA2460DD6C00ABBDEF /* hb-subset-cff1.cc */,
				86F1D4C42460DD6B00ABBDEF /* hb-subset-cff2.cc */,
				86F1D4C92460DD6B00ABBDEF /* hb-subset-input.cc */,
				86F1D4E12460DD6C00ABBDEF /* hb-subset-plan.cc */,
				86F1D4B32460DD6B00ABBDEF /* hb-subset.cc */,
				86F1D4AE2460DD6A00ABBDEF /* hb-ucd.cc */,
				86F1D4E92460DD6C00ABBDEF /* hb-unicode.cc */,
			);
			name = HarfBuzz;
			sourceTree = "<group>";
		};
		DE8FD40401311C07CA5419FF /* Pods */ = {
			isa = PBXGroup;
			children = (
				2C1F116CF6E15399E6BA649C /* Pods-RTOReader.debug.xcconfig */,
				A2BA8279EBBC720B3E3E8B54 /* Pods-RTOReader.release.xcconfig */,
			);
			path = Pods;
			sourceTree = "<group>";
		};
/* End PBXGroup section */

/* Begin PBXNativeTarget section */
		86A41166242B99DE00E9F637 /* RTOReader */ = {
			isa = PBXNativeTarget;
			buildConfigurationList = 86A41180242B99E000E9F637 /* Build configuration list for PBXNativeTarget "RTOReader" */;
			buildPhases = (
				DEB927C5CCFBE8D89B26B75A /* [CP] Check Pods Manifest.lock */,
				86A41163242B99DE00E9F637 /* Sources */,
				86A41164242B99DE00E9F637 /* Frameworks */,
				86A41165242B99DE00E9F637 /* Resources */,
			);
			buildRules = (
			);
			dependencies = (
			);
			name = RTOReader;
			productName = RTOReader;
			productReference = 86A41167242B99DE00E9F637 /* RTOReader.app */;
			productType = "com.apple.product-type.application";
		};
/* End PBXNativeTarget section */

/* Begin PBXProject section */
		86A4115F242B99DE00E9F637 /* Project object */ = {
			isa = PBXProject;
			attributes = {
				LastUpgradeCheck = 1110;
				ORGANIZATIONNAME = ghy;
				TargetAttributes = {
					86A41166242B99DE00E9F637 = {
						CreatedOnToolsVersion = 11.1;
					};
				};
			};
			buildConfigurationList = 86A41162242B99DE00E9F637 /* Build configuration list for PBXProject "RTOReader" */;
			compatibilityVersion = "Xcode 9.3";
			developmentRegion = en;
			hasScannedForEncodings = 0;
			knownRegions = (
				en,
				Base,
			);
			mainGroup = 86A4115E242B99DE00E9F637;
			productRefGroup = 86A41168242B99DE00E9F637 /* Products */;
			projectDirPath = "";
			projectRoot = "";
			targets = (
				86A41166242B99DE00E9F637 /* RTOReader */,
			);
		};
/* End PBXProject section */

/* Begin PBXResourcesBuildPhase section */
		86A41165242B99DE00E9F637 /* Resources */ = {
			isa = PBXResourcesBuildPhase;
			buildActionMask = 2147483647;
			files = (
				868C4755242ED2AC00C84B88 /* Trebuchet MS.ttf in Resources */,
				867563FC24699AB200A6D4EB /* 站酷庆科黄油体.ttf in Resources */,
				866817D7246AF36F00BA4E55 /* test.txt in Resources */,
				86A41177242B99E000E9F637 /* Assets.xcassets in Resources */,
			);
			runOnlyForDeploymentPostprocessing = 0;
		};
/* End PBXResourcesBuildPhase section */

/* Begin PBXShellScriptBuildPhase section */
		DEB927C5CCFBE8D89B26B75A /* [CP] Check Pods Manifest.lock */ = {
			isa = PBXShellScriptBuildPhase;
			buildActionMask = 2147483647;
			files = (
			);
			inputFileListPaths = (
			);
			inputPaths = (
				"${PODS_PODFILE_DIR_PATH}/Podfile.lock",
				"${PODS_ROOT}/Manifest.lock",
			);
			name = "[CP] Check Pods Manifest.lock";
			outputFileListPaths = (
			);
			outputPaths = (
				"$(DERIVED_FILE_DIR)/Pods-RTOReader-checkManifestLockResult.txt",
			);
			runOnlyForDeploymentPostprocessing = 0;
			shellPath = /bin/sh;
			shellScript = "diff \"${PODS_PODFILE_DIR_PATH}/Podfile.lock\" \"${PODS_ROOT}/Manifest.lock\" > /dev/null\nif [ $? != 0 ] ; then\n    # print error to STDERR\n    echo \"error: The sandbox is not in sync with the Podfile.lock. Run 'pod install' or update your CocoaPods installation.\" >&2\n    exit 1\nfi\n# This output is used by Xcode 'outputs' to avoid re-running this script phase.\necho \"SUCCESS\" > \"${SCRIPT_OUTPUT_FILE_0}\"\n";
			showEnvVarsInLog = 0;
		};
/* End PBXShellScriptBuildPhase section */

/* Begin PBXSourcesBuildPhase section */
		86A41163242B99DE00E9F637 /* Sources */ = {
			isa = PBXSourcesBuildPhase;
			buildActionMask = 2147483647;
			files = (
				86F1D5032460DD6C00ABBDEF /* hb-ot-shape-complex-use.cc in Sources */,
				86F1D4F52460DD6C00ABBDEF /* hb-ot-cff2-table.cc in Sources */,
				86F1D5212460DD6C00ABBDEF /* hb-ot-shape-complex-indic.cc in Sources */,
				86F1D4FC2460DD6C00ABBDEF /* hb-map.cc in Sources */,
				86F1D5252460DD6C00ABBDEF /* hb-coretext.cc in Sources */,
				86F1D4F22460DD6C00ABBDEF /* hb-shape.cc in Sources */,
				86A41172242B99DE00E9F637 /* ViewController.m in Sources */,
				86F1D50C2460DD6C00ABBDEF /* hb-directwrite.cc in Sources */,
				86F1D5222460DD6C00ABBDEF /* hb-aat-layout.cc in Sources */,
				86F1D5112460DD6C00ABBDEF /* hb-face.cc in Sources */,
				86F1D4F92460DD6C00ABBDEF /* hb-ot-var.cc in Sources */,
				86F1D5192460DD6C00ABBDEF /* hb-ot-shape-normalize.cc in Sources */,
				86F1D51A2460DD6C00ABBDEF /* hb-fallback-shape.cc in Sources */,
				86F1D50B2460DD6C00ABBDEF /* hb-subset-cff-common.cc in Sources */,
				86F1D5162460DD6C00ABBDEF /* hb-glib.cc in Sources */,
				86F1D51F2460DD6C00ABBDEF /* hb-subset-plan.cc in Sources */,
				86F1D50A2460DD6C00ABBDEF /* hb-shape-plan.cc in Sources */,
				86F1D51E2460DD6C00ABBDEF /* hb-ft.cc in Sources */,
				86F1D5142460DD6C00ABBDEF /* hb-set.cc in Sources */,
				86F1D5152460DD6C00ABBDEF /* hb-ot-font.cc in Sources */,
				86A4116C242B99DE00E9F637 /* AppDelegate.m in Sources */,
				86F1D5282460DD6C00ABBDEF /* hb-subset-cff1.cc in Sources */,
				86F1D4FF2460DD6C00ABBDEF /* hb-ot-name.cc in Sources */,
				86F1D5262460DD6C00ABBDEF /* hb-static.cc in Sources */,
				86F1D5072460DD6C00ABBDEF /* hb-subset-input.cc in Sources */,
				86F1D5132460DD6C00ABBDEF /* hb-graphite2.cc in Sources */,
				86F1D51C2460DD6C00ABBDEF /* hb-ot-math.cc in Sources */,
				86A4117D242B99E000E9F637 /* main.m in Sources */,
				86F1D4F82460DD6C00ABBDEF /* hb-gdi.cc in Sources */,
				86F1D50D2460DD6C00ABBDEF /* hb-ot-meta.cc in Sources */,
				86F1D51D2460DD6C00ABBDEF /* hb-ot-shape-complex-vowel-constraints.cc in Sources */,
				86F1D4FA2460DD6C00ABBDEF /* hb-ot-shape-complex-indic-table.cc in Sources */,
				86F1D4FB2460DD6C00ABBDEF /* hb-ot-shape-fallback.cc in Sources */,
				86F1D5092460DD6C00ABBDEF /* hb-ot-metrics.cc in Sources */,
				86F1D5202460DD6C00ABBDEF /* hb-draw.cc in Sources */,
				86F1D5042460DD6C00ABBDEF /* hb-ot-shape-complex-default.cc in Sources */,
				86F1D5082460DD6C00ABBDEF /* hb-font.cc in Sources */,
				86F1D5172460DD6C00ABBDEF /* hb-ot-shape-complex-arabic.cc in Sources */,
				86F1D5182460DD6C00ABBDEF /* hb-ot-shape-complex-use-table.cc in Sources */,
				86F1D4F42460DD6C00ABBDEF /* hb-common.cc in Sources */,
				86F1D5122460DD6C00ABBDEF /* hb-shaper.cc in Sources */,
				86F1D5242460DD6C00ABBDEF /* hb-buffer-serialize.cc in Sources */,
				86F1D4EB2460DD6C00ABBDEF /* hb-ot-shape-complex-hebrew.cc in Sources */,
				86F1D4EC2460DD6C00ABBDEF /* hb-ucd.cc in Sources */,
				86F1D4F32460DD6C00ABBDEF /* hb-ot-shape-complex-myanmar.cc in Sources */,
				86F1D4F02460DD6C00ABBDEF /* hb-ot-shape-complex-hangul.cc in Sources */,
				86F1D4EE2460DD6C00ABBDEF /* hb-blob.cc in Sources */,
				86F1D5062460DD6C00ABBDEF /* hb-ot-color.cc in Sources */,
				86F1D5002460DD6C00ABBDEF /* hb-ot-face.cc in Sources */,
				86F1D5022460DD6C00ABBDEF /* hb-subset-cff2.cc in Sources */,
				868C4753242ED2AC00C84B88 /* esUtil.c in Sources */,
				86F1D5012460DD6C00ABBDEF /* hb-gobject-structs.cc in Sources */,
				86F1D5272460DD6C00ABBDEF /* hb-unicode.cc in Sources */,
				86F1D4F62460DD6C00ABBDEF /* hb-ot-map.cc in Sources */,
				86F1D51B2460DD6C00ABBDEF /* hb-ot-tag.cc in Sources */,
				86F1D50F2460DD6C00ABBDEF /* hb-number.cc in Sources */,
				86F1D4FD2460DD6C00ABBDEF /* hb-ot-cff1-table.cc in Sources */,
				86F1D5102460DD6C00ABBDEF /* hb-aat-map.cc in Sources */,
				86F1D4F12460DD6C00ABBDEF /* hb-subset.cc in Sources */,
				86F1D4ED2460DD6C00ABBDEF /* hb-buffer.cc in Sources */,
				868C4754242ED2AC00C84B88 /* FileWrapper.m in Sources */,
				86F1D4F72460DD6C00ABBDEF /* hb-ot-shape.cc in Sources */,
				86F1D5232460DD6C00ABBDEF /* hb-ot-shape-complex-thai.cc in Sources */,
				86F1D4EF2460DD6C00ABBDEF /* hb-ot-layout.cc in Sources */,
				86F1D50E2460DD6C00ABBDEF /* hb-ot-shape-complex-khmer.cc in Sources */,
			);
			runOnlyForDeploymentPostprocessing = 0;
		};
/* End PBXSourcesBuildPhase section */

/* Begin XCBuildConfiguration section */
		86A4117E242B99E000E9F637 /* Debug */ = {
			isa = XCBuildConfiguration;
			buildSettings = {
				ALWAYS_SEARCH_USER_PATHS = NO;
				CLANG_ANALYZER_NONNULL = YES;
				CLANG_ANALYZER_NUMBER_OBJECT_CONVERSION = YES_AGGRESSIVE;
				CLANG_CXX_LANGUAGE_STANDARD = "gnu++14";
				CLANG_CXX_LIBRARY = "libc++";
				CLANG_ENABLE_MODULES = YES;
				CLANG_ENABLE_OBJC_ARC = YES;
				CLANG_ENABLE_OBJC_WEAK = YES;
				CLANG_WARN_BLOCK_CAPTURE_AUTORELEASING = YES;
				CLANG_WARN_BOOL_CONVERSION = YES;
				CLANG_WARN_COMMA = YES;
				CLANG_WARN_CONSTANT_CONVERSION = YES;
				CLANG_WARN_DEPRECATED_OBJC_IMPLEMENTATIONS = YES;
				CLANG_WARN_DIRECT_OBJC_ISA_USAGE = YES_ERROR;
				CLANG_WARN_DOCUMENTATION_COMMENTS = YES;
				CLANG_WARN_EMPTY_BODY = YES;
				CLANG_WARN_ENUM_CONVERSION = YES;
				CLANG_WARN_INFINITE_RECURSION = YES;
				CLANG_WARN_INT_CONVERSION = YES;
				CLANG_WARN_NON_LITERAL_NULL_CONVERSION = YES;
				CLANG_WARN_OBJC_IMPLICIT_RETAIN_SELF = YES;
				CLANG_WARN_OBJC_LITERAL_CONVERSION = YES;
				CLANG_WARN_OBJC_ROOT_CLASS = YES_ERROR;
				CLANG_WARN_RANGE_LOOP_ANALYSIS = YES;
				CLANG_WARN_STRICT_PROTOTYPES = YES;
				CLANG_WARN_SUSPICIOUS_MOVE = YES;
				CLANG_WARN_UNGUARDED_AVAILABILITY = YES_AGGRESSIVE;
				CLANG_WARN_UNREACHABLE_CODE = YES;
				CLANG_WARN__DUPLICATE_METHOD_MATCH = YES;
				COPY_PHASE_STRIP = NO;
				DEBUG_INFORMATION_FORMAT = dwarf;
				ENABLE_STRICT_OBJC_MSGSEND = YES;
				ENABLE_TESTABILITY = YES;
				GCC_C_LANGUAGE_STANDARD = gnu11;
				GCC_DYNAMIC_NO_PIC = NO;
				GCC_NO_COMMON_BLOCKS = YES;
				GCC_OPTIMIZATION_LEVEL = 0;
				GCC_PREPROCESSOR_DEFINITIONS = (
					"DEBUG=1",
					"$(inherited)",
				);
				GCC_WARN_64_TO_32_BIT_CONVERSION = YES;
				GCC_WARN_ABOUT_RETURN_TYPE = YES_ERROR;
				GCC_WARN_UNDECLARED_SELECTOR = YES;
				GCC_WARN_UNINITIALIZED_AUTOS = YES_AGGRESSIVE;
				GCC_WARN_UNUSED_FUNCTION = YES;
				GCC_WARN_UNUSED_VARIABLE = YES;
				IPHONEOS_DEPLOYMENT_TARGET = 13.1;
				MTL_ENABLE_DEBUG_INFO = INCLUDE_SOURCE;
				MTL_FAST_MATH = YES;
				ONLY_ACTIVE_ARCH = YES;
				SDKROOT = iphoneos;
			};
			name = Debug;
		};
		86A4117F242B99E000E9F637 /* Release */ = {
			isa = XCBuildConfiguration;
			buildSettings = {
				ALWAYS_SEARCH_USER_PATHS = NO;
				CLANG_ANALYZER_NONNULL = YES;
				CLANG_ANALYZER_NUMBER_OBJECT_CONVERSION = YES_AGGRESSIVE;
				CLANG_CXX_LANGUAGE_STANDARD = "gnu++14";
				CLANG_CXX_LIBRARY = "libc++";
				CLANG_ENABLE_MODULES = YES;
				CLANG_ENABLE_OBJC_ARC = YES;
				CLANG_ENABLE_OBJC_WEAK = YES;
				CLANG_WARN_BLOCK_CAPTURE_AUTORELEASING = YES;
				CLANG_WARN_BOOL_CONVERSION = YES;
				CLANG_WARN_COMMA = YES;
				CLANG_WARN_CONSTANT_CONVERSION = YES;
				CLANG_WARN_DEPRECATED_OBJC_IMPLEMENTATIONS = YES;
				CLANG_WARN_DIRECT_OBJC_ISA_USAGE = YES_ERROR;
				CLANG_WARN_DOCUMENTATION_COMMENTS = YES;
				CLANG_WARN_EMPTY_BODY = YES;
				CLANG_WARN_ENUM_CONVERSION = YES;
				CLANG_WARN_INFINITE_RECURSION = YES;
				CLANG_WARN_INT_CONVERSION = YES;
				CLANG_WARN_NON_LITERAL_NULL_CONVERSION = YES;
				CLANG_WARN_OBJC_IMPLICIT_RETAIN_SELF = YES;
				CLANG_WARN_OBJC_LITERAL_CONVERSION = YES;
				CLANG_WARN_OBJC_ROOT_CLASS = YES_ERROR;
				CLANG_WARN_RANGE_LOOP_ANALYSIS = YES;
				CLANG_WARN_STRICT_PROTOTYPES = YES;
				CLANG_WARN_SUSPICIOUS_MOVE = YES;
				CLANG_WARN_UNGUARDED_AVAILABILITY = YES_AGGRESSIVE;
				CLANG_WARN_UNREACHABLE_CODE = YES;
				CLANG_WARN__DUPLICATE_METHOD_MATCH = YES;
				COPY_PHASE_STRIP = NO;
				DEBUG_INFORMATION_FORMAT = "dwarf-with-dsym";
				ENABLE_NS_ASSERTIONS = NO;
				ENABLE_STRICT_OBJC_MSGSEND = YES;
				GCC_C_LANGUAGE_STANDARD = gnu11;
				GCC_NO_COMMON_BLOCKS = YES;
				GCC_WARN_64_TO_32_BIT_CONVERSION = YES;
				GCC_WARN_ABOUT_RETURN_TYPE = YES_ERROR;
				GCC_WARN_UNDECLARED_SELECTOR = YES;
				GCC_WARN_UNINITIALIZED_AUTOS = YES_AGGRESSIVE;
				GCC_WARN_UNUSED_FUNCTION = YES;
				GCC_WARN_UNUSED_VARIABLE = YES;
				IPHONEOS_DEPLOYMENT_TARGET = 13.1;
				MTL_ENABLE_DEBUG_INFO = NO;
				MTL_FAST_MATH = YES;
				SDKROOT = iphoneos;
				VALIDATE_PRODUCT = YES;
			};
			name = Release;
		};
		86A41181242B99E000E9F637 /* Debug */ = {
			isa = XCBuildConfiguration;
			baseConfigurationReference = 2C1F116CF6E15399E6BA649C /* Pods-RTOReader.debug.xcconfig */;
			buildSettings = {
				ASSETCATALOG_COMPILER_APPICON_NAME = AppIcon;
				CLANG_CXX_LANGUAGE_STANDARD = "gnu++0x";
				CODE_SIGN_STYLE = Automatic;
				DEVELOPMENT_TEAM = ND446556GQ;
				ENABLE_BITCODE = YES;
				GCC_C_LANGUAGE_STANDARD = gnu99;
				GCC_INPUT_FILETYPE = automatic;
				GCC_PRECOMPILE_PREFIX_HEADER = YES;
				GCC_PREPROCESSOR_DEFINITIONS = (
					"$(inherited)",
					"COCOAPODS=1",
					"HAVE_FREETYPE=1",
					"HAVE_FALLBACK=1",
					HB_NO_OPEN,
				);
				HEADER_SEARCH_PATHS = (
					"$(inherited)",
					"\"${PODS_ROOT}/Headers/Public\"",
					"\"${PODS_ROOT}/Headers/Public/freetype\"",
					"\"$(PODS_ROOT)/freetype/include\"",
					"\"$(SRCROOT)/RTOReader/Third/harfbuzz/src\"",
				);
				INFOPLIST_FILE = RTOReader/Info.plist;
				IPHONEOS_DEPLOYMENT_TARGET = 8.0;
				LD_RUNPATH_SEARCH_PATHS = (
					"$(inherited)",
					"@executable_path/Frameworks",
				);
				PRODUCT_BUNDLE_IDENTIFIER = com.ghy.RTOReader;
				PRODUCT_NAME = "$(TARGET_NAME)";
				TARGETED_DEVICE_FAMILY = 1;
			};
			name = Debug;
		};
		86A41182242B99E000E9F637 /* Release */ = {
			isa = XCBuildConfiguration;
			baseConfigurationReference = A2BA8279EBBC720B3E3E8B54 /* Pods-RTOReader.release.xcconfig */;
			buildSettings = {
				ASSETCATALOG_COMPILER_APPICON_NAME = AppIcon;
				CLANG_CXX_LANGUAGE_STANDARD = "gnu++0x";
				CODE_SIGN_STYLE = Automatic;
				DEVELOPMENT_TEAM = ND446556GQ;
				ENABLE_BITCODE = YES;
				GCC_C_LANGUAGE_STANDARD = gnu99;
				GCC_INPUT_FILETYPE = automatic;
				GCC_PRECOMPILE_PREFIX_HEADER = YES;
				GCC_PREPROCESSOR_DEFINITIONS = (
					"$(inherited)",
					"COCOAPODS=1",
					"HAVE_FREETYPE=1",
					"HAVE_FALLBACK=1",
					HB_NO_OPEN,
				);
				HEADER_SEARCH_PATHS = (
					"$(inherited)",
					"\"${PODS_ROOT}/Headers/Public\"",
					"\"${PODS_ROOT}/Headers/Public/freetype\"",
					"\"$(PODS_ROOT)/freetype/include\"",
					"\"$(SRCROOT)/RTOReader/Third/harfbuzz/src\"",
				);
				INFOPLIST_FILE = RTOReader/Info.plist;
				IPHONEOS_DEPLOYMENT_TARGET = 8.0;
				LD_RUNPATH_SEARCH_PATHS = (
					"$(inherited)",
					"@executable_path/Frameworks",
				);
				ONLY_ACTIVE_ARCH = NO;
				PRODUCT_BUNDLE_IDENTIFIER = com.ghy.RTOReader;
				PRODUCT_NAME = "$(TARGET_NAME)";
				TARGETED_DEVICE_FAMILY = 1;
			};
			name = Release;
		};
/* End XCBuildConfiguration section */

/* Begin XCConfigurationList section */
		86A41162242B99DE00E9F637 /* Build configuration list for PBXProject "RTOReader" */ = {
			isa = XCConfigurationList;
			buildConfigurations = (
				86A4117E242B99E000E9F637 /* Debug */,
				86A4117F242B99E000E9F637 /* Release */,
			);
			defaultConfigurationIsVisible = 0;
			defaultConfigurationName = Release;
		};
		86A41180242B99E000E9F637 /* Build configuration list for PBXNativeTarget "RTOReader" */ = {
			isa = XCConfigurationList;
			buildConfigurations = (
				86A41181242B99E000E9F637 /* Debug */,
				86A41182242B99E000E9F637 /* Release */,
			);
			defaultConfigurationIsVisible = 0;
			defaultConfigurationName = Release;
		};
/* End XCConfigurationList section */
	};
	rootObject = 86A4115F242B99DE00E9F637 /* Project object */;
}
